
Microsoft Visual Studio Solution File, Format Version 12.00
# Visual Studio Version 16
VisualStudioVersion = 16.0.30907.101
MinimumVisualStudioVersion = 10.0.40219.1
Project("{FAE04EC0-301F-11D3-BF4B-00C04F79EFBC}") = "RegardOrderBot", "RegardOrderBot.csproj", "{B4BBBAEB-879A-4F44-9FAD-FA26BF15AD93}"
EndProject
Global
	GlobalSection(SolutionConfigurationPlatforms) = preSolution
		Debug|Any CPU = Debug|Any CPU
		Release|Any CPU = Release|Any CPU
	EndGlobalSection
	GlobalSection(ProjectConfigurationPlatforms) = postSolution
		{B4BBBAEB-879A-4F44-9FAD-FA26BF15AD93}.Debug|Any CPU.ActiveCfg = Debug|Any CPU
		{B4BBBAEB-879A-4F44-9FAD-FA26BF15AD93}.Debug|Any CPU.Build.0 = Debug|Any CPU
		{B4BBBAEB-879A-4F44-9FAD-FA26BF15AD93}.Release|Any CPU.ActiveCfg = Release|Any CPU
		{B4BBBAEB-879A-4F44-9FAD-FA26BF15AD93}.Release|Any CPU.Build.0 = Release|Any CPU
	EndGlobalSection
	GlobalSection(SolutionProperties) = preSolution
		HideSolutionNode = FALSE
	EndGlobalSection
	GlobalSection(ExtensibilityGlobals) = postSolution
		SolutionGuid = {ADB6AF83-35A3-49C0-BA94-71BF2A1492ED}
	EndGlobalSection
EndGlobal
